
Microsoft Visual Studio Solution File, Format Version 12.00
# Visual Studio Version 16
VisualStudioVersion = 16.0.30413.136
MinimumVisualStudioVersion = 10.0.40219.1
Project("{FAE04EC0-301F-11D3-BF4B-00C04F79EFBC}") = "Samples.NetCore.GetDocument.Updated.ConsoleApp", "Samples.NetCore.GetDocument.Updated.ConsoleApp\Samples.NetCore.GetDocument.Updated.ConsoleApp.csproj", "{A9E3DBB1-C302-4A3B-A1CB-A5A8B066DF74}"
EndProject
Global
	GlobalSection(SolutionConfigurationPlatforms) = preSolution
		Debug|Any CPU = Debug|Any CPU
		Release|Any CPU = Release|Any CPU
	EndGlobalSection
	GlobalSection(ProjectConfigurationPlatforms) = postSolution
		{A9E3DBB1-C302-4A3B-A1CB-A5A8B066DF74}.Debug|Any CPU.ActiveCfg = Debug|Any CPU
		{A9E3DBB1-C302-4A3B-A1CB-A5A8B066DF74}.Debug|Any CPU.Build.0 = Debug|Any CPU
		{A9E3DBB1-C302-4A3B-A1CB-A5A8B066DF74}.Release|Any CPU.ActiveCfg = Release|Any CPU
		{A9E3DBB1-C302-4A3B-A1CB-A5A8B066DF74}.Release|Any CPU.Build.0 = Release|Any CPU
	EndGlobalSection
	GlobalSection(SolutionProperties) = preSolution
		HideSolutionNode = FALSE
	EndGlobalSection
	GlobalSection(ExtensibilityGlobals) = postSolution
		SolutionGuid = {E2BCA25A-C978-42FF-95BF-27D63C918604}
	EndGlobalSection
EndGlobal
